// !$*UTF8*$!
{
	archiveVersion = 1;
	classes = {
	};
	objectVersion = 50;
	objects = {

/* Begin PBXBuildFile section */
		7934197F2215F8AD00194019 /* MainWindowController.swift in Sources */ = {isa = PBXBuildFile; fileRef = 7934197E2215F8AD00194019 /* MainWindowController.swift */; };
		79B0AC51220C86D20082FA0C /* Credits.rtf in Resources */ = {isa = PBXBuildFile; fileRef = 79B0AC50220C86D20082FA0C /* Credits.rtf */; };
		79FAF5DB220B2C3800A52D93 /* AppDelegate.swift in Sources */ = {isa = PBXBuildFile; fileRef = 79FAF5DA220B2C3800A52D93 /* AppDelegate.swift */; };
		79FAF5DD220B2C3800A52D93 /* HydraVC.swift in Sources */ = {isa = PBXBuildFile; fileRef = 79FAF5DC220B2C3800A52D93 /* HydraVC.swift */; };
		79FAF5DF220B2C3A00A52D93 /* Assets.xcassets in Resources */ = {isa = PBXBuildFile; fileRef = 79FAF5DE220B2C3A00A52D93 /* Assets.xcassets */; };
		79FAF5E2220B2C3A00A52D93 /* Main.storyboard in Resources */ = {isa = PBXBuildFile; fileRef = 79FAF5E0220B2C3A00A52D93 /* Main.storyboard */; };
		79FAF5EE220B2C3A00A52D93 /* HydraTests.swift in Sources */ = {isa = PBXBuildFile; fileRef = 79FAF5ED220B2C3A00A52D93 /* HydraTests.swift */; };
		79FAF5F9220B2C3A00A52D93 /* HydraUITests.swift in Sources */ = {isa = PBXBuildFile; fileRef = 79FAF5F8220B2C3A00A52D93 /* HydraUITests.swift */; };
		79FAF609220B2DB700A52D93 /* StringExtensions.swift in Sources */ = {isa = PBXBuildFile; fileRef = 79FAF606220B2DB700A52D93 /* StringExtensions.swift */; };
		79FAF60A220B2DB700A52D93 /* Buttons.swift in Sources */ = {isa = PBXBuildFile; fileRef = 79FAF607220B2DB700A52D93 /* Buttons.swift */; };
		79FAF60B220B2DB700A52D93 /* GeneralExtensions.swift in Sources */ = {isa = PBXBuildFile; fileRef = 79FAF608220B2DB700A52D93 /* GeneralExtensions.swift */; };
		79FAF611220B2DCF00A52D93 /* PMCurrentMedsController.swift in Sources */ = {isa = PBXBuildFile; fileRef = 79FAF60C220B2DCF00A52D93 /* PMCurrentMedsController.swift */; };
		79FAF612220B2DCF00A52D93 /* PM Constants.swift in Sources */ = {isa = PBXBuildFile; fileRef = 79FAF60D220B2DCF00A52D93 /* PM Constants.swift */; };
		79FAF613220B2DCF00A52D93 /* Phone Message Model.swift in Sources */ = {isa = PBXBuildFile; fileRef = 79FAF60E220B2DCF00A52D93 /* Phone Message Model.swift */; };
		79FAF614220B2DCF00A52D93 /* PMSymptomsController.swift in Sources */ = {isa = PBXBuildFile; fileRef = 79FAF60F220B2DCF00A52D93 /* PMSymptomsController.swift */; };
		79FAF615220B2DCF00A52D93 /* PhoneMessageVC.swift in Sources */ = {isa = PBXBuildFile; fileRef = 79FAF610220B2DCF00A52D93 /* PhoneMessageVC.swift */; };
		79FAF619220B2EC800A52D93 /* PhoneMessage.storyboard in Resources */ = {isa = PBXBuildFile; fileRef = 79FAF617220B2EC800A52D93 /* PhoneMessage.storyboard */; };
		79FAF61D220B33FB00A52D93 /* eSConstants.swift in Sources */ = {isa = PBXBuildFile; fileRef = 79FAF61A220B33FB00A52D93 /* eSConstants.swift */; };
		79FAF61E220B33FB00A52D93 /* eSFunctions.swift in Sources */ = {isa = PBXBuildFile; fileRef = 79FAF61B220B33FB00A52D93 /* eSFunctions.swift */; };
		79FAF61F220B33FB00A52D93 /* eScriptVC.swift in Sources */ = {isa = PBXBuildFile; fileRef = 79FAF61C220B33FB00A52D93 /* eScriptVC.swift */; };
		79FAF622220B345000A52D93 /* eScript.storyboard in Resources */ = {isa = PBXBuildFile; fileRef = 79FAF621220B345000A52D93 /* eScript.storyboard */; };
		79FAF624220B354500A52D93 /* CommonFunctions.swift in Sources */ = {isa = PBXBuildFile; fileRef = 79FAF623220B354500A52D93 /* CommonFunctions.swift */; };
		79FAF629220B36A900A52D93 /* LabsModel.swift in Sources */ = {isa = PBXBuildFile; fileRef = 79FAF626220B36A900A52D93 /* LabsModel.swift */; };
		79FAF62A220B36A900A52D93 /* LabSetUpPrintViewController.swift in Sources */ = {isa = PBXBuildFile; fileRef = 79FAF627220B36A900A52D93 /* LabSetUpPrintViewController.swift */; };
		79FAF62B220B36A900A52D93 /* LabsViewController.swift in Sources */ = {isa = PBXBuildFile; fileRef = 79FAF628220B36A900A52D93 /* LabsViewController.swift */; };
		79FAF62E220B377900A52D93 /* Labs.storyboard in Resources */ = {isa = PBXBuildFile; fileRef = 79FAF62C220B377900A52D93 /* Labs.storyboard */; };
		79FAF635220B3B3500A52D93 /* TaskPickerModel.swift in Sources */ = {isa = PBXBuildFile; fileRef = 79FAF62F220B3B3500A52D93 /* TaskPickerModel.swift */; };
		79FAF636220B3B3500A52D93 /* criteriaViewController.swift in Sources */ = {isa = PBXBuildFile; fileRef = 79FAF630220B3B3500A52D93 /* criteriaViewController.swift */; };
		79FAF637220B3B3500A52D93 /* TaskPickerViewController.swift in Sources */ = {isa = PBXBuildFile; fileRef = 79FAF631220B3B3500A52D93 /* TaskPickerViewController.swift */; };
		79FAF638220B3B3500A52D93 /* resultsViewController.swift in Sources */ = {isa = PBXBuildFile; fileRef = 79FAF632220B3B3500A52D93 /* resultsViewController.swift */; };
		79FAF639220B3B3500A52D93 /* DataProcessingModel.swift in Sources */ = {isa = PBXBuildFile; fileRef = 79FAF633220B3B3500A52D93 /* DataProcessingModel.swift */; };
		79FAF63A220B3B3500A52D93 /* VisitData.swift in Sources */ = {isa = PBXBuildFile; fileRef = 79FAF634220B3B3500A52D93 /* VisitData.swift */; };
		79FAF640220B3EC800A52D93 /* PTVNScraper.storyboard in Resources */ = {isa = PBXBuildFile; fileRef = 79FAF63E220B3EC800A52D93 /* PTVNScraper.storyboard */; };
		79FAF642220B3F8300A52D93 /* URLExtensions.swift in Sources */ = {isa = PBXBuildFile; fileRef = 79FAF641220B3F8200A52D93 /* URLExtensions.swift */; };
		79FAF644220B3F8A00A52D93 /* ViewExtensions.swift in Sources */ = {isa = PBXBuildFile; fileRef = 79FAF643220B3F8A00A52D93 /* ViewExtensions.swift */; };
		79FAF64C220B3FAB00A52D93 /* NoteMedsVC.swift in Sources */ = {isa = PBXBuildFile; fileRef = 79FAF645220B3FAA00A52D93 /* NoteMedsVC.swift */; };
		79FAF64D220B3FAB00A52D93 /* BuilderConstants.swift in Sources */ = {isa = PBXBuildFile; fileRef = 79FAF646220B3FAA00A52D93 /* BuilderConstants.swift */; };
		79FAF64E220B3FAB00A52D93 /* AssessmentModel.swift in Sources */ = {isa = PBXBuildFile; fileRef = 79FAF647220B3FAA00A52D93 /* AssessmentModel.swift */; };
		79FAF64F220B3FAB00A52D93 /* PF Summary.png in Resources */ = {isa = PBXBuildFile; fileRef = 79FAF648220B3FAA00A52D93 /* PF Summary.png */; };
		79FAF650220B3FAB00A52D93 /* BuilderInterfaceVC.swift in Sources */ = {isa = PBXBuildFile; fileRef = 79FAF649220B3FAB00A52D93 /* BuilderInterfaceVC.swift */; };
		79FAF651220B3FAB00A52D93 /* ChartData.swift in Sources */ = {isa = PBXBuildFile; fileRef = 79FAF64A220B3FAB00A52D93 /* ChartData.swift */; };
		79FAF652220B3FAB00A52D93 /* Ellipsis.jpg in Resources */ = {isa = PBXBuildFile; fileRef = 79FAF64B220B3FAB00A52D93 /* Ellipsis.jpg */; };
		79FAF655220B420300A52D93 /* Builder.storyboard in Resources */ = {isa = PBXBuildFile; fileRef = 79FAF654220B420300A52D93 /* Builder.storyboard */; };
		79FAF659220B42F000A52D93 /* ScriptCalculatorWindow.swift in Sources */ = {isa = PBXBuildFile; fileRef = 79FAF656220B42F000A52D93 /* ScriptCalculatorWindow.swift */; };
		79FAF65A220B42F000A52D93 /* ScriptCalculatorVC.swift in Sources */ = {isa = PBXBuildFile; fileRef = 79FAF657220B42F000A52D93 /* ScriptCalculatorVC.swift */; };
		79FAF65B220B42F000A52D93 /* ScriptDataModel.swift in Sources */ = {isa = PBXBuildFile; fileRef = 79FAF658220B42F000A52D93 /* ScriptDataModel.swift */; };
		79FAF65F220B45DD00A52D93 /* ScriptCalculator.storyboard in Resources */ = {isa = PBXBuildFile; fileRef = 79FAF65D220B45DD00A52D93 /* ScriptCalculator.storyboard */; };
/* End PBXBuildFile section */

/* Begin PBXContainerItemProxy section */
		79FAF5EA220B2C3A00A52D93 /* PBXContainerItemProxy */ = {
			isa = PBXContainerItemProxy;
			containerPortal = 79FAF5CF220B2C3800A52D93 /* Project object */;
			proxyType = 1;
			remoteGlobalIDString = 79FAF5D6220B2C3800A52D93;
			remoteInfo = Hydra;
		};
		79FAF5F5220B2C3A00A52D93 /* PBXContainerItemProxy */ = {
			isa = PBXContainerItemProxy;
			containerPortal = 79FAF5CF220B2C3800A52D93 /* Project object */;
			proxyType = 1;
			remoteGlobalIDString = 79FAF5D6220B2C3800A52D93;
			remoteInfo = Hydra;
		};
/* End PBXContainerItemProxy section */

/* Begin PBXFileReference section */
		7934197E2215F8AD00194019 /* MainWindowController.swift */ = {isa = PBXFileReference; lastKnownFileType = sourcecode.swift; path = MainWindowController.swift; sourceTree = "<group>"; };
		79B0AC50220C86D20082FA0C /* Credits.rtf */ = {isa = PBXFileReference; lastKnownFileType = text.rtf; path = Credits.rtf; sourceTree = "<group>"; };
		79FAF5D7220B2C3800A52D93 /* Hydra.app */ = {isa = PBXFileReference; explicitFileType = wrapper.application; includeInIndex = 0; path = Hydra.app; sourceTree = BUILT_PRODUCTS_DIR; };
		79FAF5DA220B2C3800A52D93 /* AppDelegate.swift */ = {isa = PBXFileReference; lastKnownFileType = sourcecode.swift; path = AppDelegate.swift; sourceTree = "<group>"; };
		79FAF5DC220B2C3800A52D93 /* HydraVC.swift */ = {isa = PBXFileReference; lastKnownFileType = sourcecode.swift; path = HydraVC.swift; sourceTree = "<group>"; };
		79FAF5DE220B2C3A00A52D93 /* Assets.xcassets */ = {isa = PBXFileReference; lastKnownFileType = folder.assetcatalog; path = Assets.xcassets; sourceTree = "<group>"; };
		79FAF5E1220B2C3A00A52D93 /* Base */ = {isa = PBXFileReference; lastKnownFileType = file.storyboard; name = Base; path = Base.lproj/Main.storyboard; sourceTree = "<group>"; };
		79FAF5E3220B2C3A00A52D93 /* Info.plist */ = {isa = PBXFileReference; lastKnownFileType = text.plist.xml; path = Info.plist; sourceTree = "<group>"; };
		79FAF5E4220B2C3A00A52D93 /* Hydra.entitlements */ = {isa = PBXFileReference; lastKnownFileType = text.plist.entitlements; path = Hydra.entitlements; sourceTree = "<group>"; };
		79FAF5E9220B2C3A00A52D93 /* HydraTests.xctest */ = {isa = PBXFileReference; explicitFileType = wrapper.cfbundle; includeInIndex = 0; path = HydraTests.xctest; sourceTree = BUILT_PRODUCTS_DIR; };
		79FAF5ED220B2C3A00A52D93 /* HydraTests.swift */ = {isa = PBXFileReference; lastKnownFileType = sourcecode.swift; path = HydraTests.swift; sourceTree = "<group>"; };
		79FAF5EF220B2C3A00A52D93 /* Info.plist */ = {isa = PBXFileReference; lastKnownFileType = text.plist.xml; path = Info.plist; sourceTree = "<group>"; };
		79FAF5F4220B2C3A00A52D93 /* HydraUITests.xctest */ = {isa = PBXFileReference; explicitFileType = wrapper.cfbundle; includeInIndex = 0; path = HydraUITests.xctest; sourceTree = BUILT_PRODUCTS_DIR; };
		79FAF5F8220B2C3A00A52D93 /* HydraUITests.swift */ = {isa = PBXFileReference; lastKnownFileType = sourcecode.swift; path = HydraUITests.swift; sourceTree = "<group>"; };
		79FAF5FA220B2C3A00A52D93 /* Info.plist */ = {isa = PBXFileReference; lastKnownFileType = text.plist.xml; path = Info.plist; sourceTree = "<group>"; };
		79FAF606220B2DB700A52D93 /* StringExtensions.swift */ = {isa = PBXFileReference; fileEncoding = 4; lastKnownFileType = sourcecode.swift; path = StringExtensions.swift; sourceTree = "<group>"; };
		79FAF607220B2DB700A52D93 /* Buttons.swift */ = {isa = PBXFileReference; fileEncoding = 4; lastKnownFileType = sourcecode.swift; path = Buttons.swift; sourceTree = "<group>"; };
		79FAF608220B2DB700A52D93 /* GeneralExtensions.swift */ = {isa = PBXFileReference; fileEncoding = 4; lastKnownFileType = sourcecode.swift; path = GeneralExtensions.swift; sourceTree = "<group>"; };
		79FAF60C220B2DCF00A52D93 /* PMCurrentMedsController.swift */ = {isa = PBXFileReference; fileEncoding = 4; lastKnownFileType = sourcecode.swift; path = PMCurrentMedsController.swift; sourceTree = "<group>"; };
		79FAF60D220B2DCF00A52D93 /* PM Constants.swift */ = {isa = PBXFileReference; fileEncoding = 4; lastKnownFileType = sourcecode.swift; path = "PM Constants.swift"; sourceTree = "<group>"; };
		79FAF60E220B2DCF00A52D93 /* Phone Message Model.swift */ = {isa = PBXFileReference; fileEncoding = 4; lastKnownFileType = sourcecode.swift; path = "Phone Message Model.swift"; sourceTree = "<group>"; };
		79FAF60F220B2DCF00A52D93 /* PMSymptomsController.swift */ = {isa = PBXFileReference; fileEncoding = 4; lastKnownFileType = sourcecode.swift; path = PMSymptomsController.swift; sourceTree = "<group>"; };
		79FAF610220B2DCF00A52D93 /* PhoneMessageVC.swift */ = {isa = PBXFileReference; fileEncoding = 4; lastKnownFileType = sourcecode.swift; path = PhoneMessageVC.swift; sourceTree = "<group>"; };
		79FAF618220B2EC800A52D93 /* Base */ = {isa = PBXFileReference; lastKnownFileType = file.storyboard; name = Base; path = Hydra/Base.lproj/PhoneMessage.storyboard; sourceTree = "<group>"; };
		79FAF61A220B33FB00A52D93 /* eSConstants.swift */ = {isa = PBXFileReference; fileEncoding = 4; lastKnownFileType = sourcecode.swift; path = eSConstants.swift; sourceTree = "<group>"; };
		79FAF61B220B33FB00A52D93 /* eSFunctions.swift */ = {isa = PBXFileReference; fileEncoding = 4; lastKnownFileType = sourcecode.swift; path = eSFunctions.swift; sourceTree = "<group>"; };
		79FAF61C220B33FB00A52D93 /* eScriptVC.swift */ = {isa = PBXFileReference; fileEncoding = 4; lastKnownFileType = sourcecode.swift; path = eScriptVC.swift; sourceTree = "<group>"; };
		79FAF621220B345000A52D93 /* eScript.storyboard */ = {isa = PBXFileReference; fileEncoding = 4; lastKnownFileType = file.storyboard; path = eScript.storyboard; sourceTree = "<group>"; };
		79FAF623220B354500A52D93 /* CommonFunctions.swift */ = {isa = PBXFileReference; lastKnownFileType = sourcecode.swift; path = CommonFunctions.swift; sourceTree = "<group>"; };
		79FAF626220B36A900A52D93 /* LabsModel.swift */ = {isa = PBXFileReference; fileEncoding = 4; lastKnownFileType = sourcecode.swift; path = LabsModel.swift; sourceTree = "<group>"; };
		79FAF627220B36A900A52D93 /* LabSetUpPrintViewController.swift */ = {isa = PBXFileReference; fileEncoding = 4; lastKnownFileType = sourcecode.swift; path = LabSetUpPrintViewController.swift; sourceTree = "<group>"; };
		79FAF628220B36A900A52D93 /* LabsViewController.swift */ = {isa = PBXFileReference; fileEncoding = 4; lastKnownFileType = sourcecode.swift; path = LabsViewController.swift; sourceTree = "<group>"; };
		79FAF62D220B377900A52D93 /* Base */ = {isa = PBXFileReference; lastKnownFileType = file.storyboard; name = Base; path = Hydra/Base.lproj/Labs.storyboard; sourceTree = "<group>"; };
		79FAF62F220B3B3500A52D93 /* TaskPickerModel.swift */ = {isa = PBXFileReference; fileEncoding = 4; lastKnownFileType = sourcecode.swift; path = TaskPickerModel.swift; sourceTree = "<group>"; };
		79FAF630220B3B3500A52D93 /* criteriaViewController.swift */ = {isa = PBXFileReference; fileEncoding = 4; lastKnownFileType = sourcecode.swift; path = criteriaViewController.swift; sourceTree = "<group>"; };
		79FAF631220B3B3500A52D93 /* TaskPickerViewController.swift */ = {isa = PBXFileReference; fileEncoding = 4; lastKnownFileType = sourcecode.swift; path = TaskPickerViewController.swift; sourceTree = "<group>"; };
		79FAF632220B3B3500A52D93 /* resultsViewController.swift */ = {isa = PBXFileReference; fileEncoding = 4; lastKnownFileType = sourcecode.swift; path = resultsViewController.swift; sourceTree = "<group>"; };
		79FAF633220B3B3500A52D93 /* DataProcessingModel.swift */ = {isa = PBXFileReference; fileEncoding = 4; lastKnownFileType = sourcecode.swift; path = DataProcessingModel.swift; sourceTree = "<group>"; };
		79FAF634220B3B3500A52D93 /* VisitData.swift */ = {isa = PBXFileReference; fileEncoding = 4; lastKnownFileType = sourcecode.swift; path = VisitData.swift; sourceTree = "<group>"; };
		79FAF63F220B3EC800A52D93 /* Base */ = {isa = PBXFileReference; lastKnownFileType = file.storyboard; name = Base; path = Hydra/Base.lproj/PTVNScraper.storyboard; sourceTree = "<group>"; };
		79FAF641220B3F8200A52D93 /* URLExtensions.swift */ = {isa = PBXFileReference; fileEncoding = 4; lastKnownFileType = sourcecode.swift; path = URLExtensions.swift; sourceTree = "<group>"; };
		79FAF643220B3F8A00A52D93 /* ViewExtensions.swift */ = {isa = PBXFileReference; fileEncoding = 4; lastKnownFileType = sourcecode.swift; path = ViewExtensions.swift; sourceTree = "<group>"; };
		79FAF645220B3FAA00A52D93 /* NoteMedsVC.swift */ = {isa = PBXFileReference; fileEncoding = 4; lastKnownFileType = sourcecode.swift; path = NoteMedsVC.swift; sourceTree = "<group>"; };
		79FAF646220B3FAA00A52D93 /* BuilderConstants.swift */ = {isa = PBXFileReference; fileEncoding = 4; lastKnownFileType = sourcecode.swift; path = BuilderConstants.swift; sourceTree = "<group>"; };
		79FAF647220B3FAA00A52D93 /* AssessmentModel.swift */ = {isa = PBXFileReference; fileEncoding = 4; lastKnownFileType = sourcecode.swift; path = AssessmentModel.swift; sourceTree = "<group>"; };
		79FAF648220B3FAA00A52D93 /* PF Summary.png */ = {isa = PBXFileReference; lastKnownFileType = image.png; path = "PF Summary.png"; sourceTree = "<group>"; };
		79FAF649220B3FAB00A52D93 /* BuilderInterfaceVC.swift */ = {isa = PBXFileReference; fileEncoding = 4; lastKnownFileType = sourcecode.swift; path = BuilderInterfaceVC.swift; sourceTree = "<group>"; };
		79FAF64A220B3FAB00A52D93 /* ChartData.swift */ = {isa = PBXFileReference; fileEncoding = 4; lastKnownFileType = sourcecode.swift; path = ChartData.swift; sourceTree = "<group>"; };
		79FAF64B220B3FAB00A52D93 /* Ellipsis.jpg */ = {isa = PBXFileReference; lastKnownFileType = image.jpeg; path = Ellipsis.jpg; sourceTree = "<group>"; };
		79FAF654220B420300A52D93 /* Builder.storyboard */ = {isa = PBXFileReference; fileEncoding = 4; lastKnownFileType = file.storyboard; path = Builder.storyboard; sourceTree = "<group>"; };
		79FAF656220B42F000A52D93 /* ScriptCalculatorWindow.swift */ = {isa = PBXFileReference; fileEncoding = 4; lastKnownFileType = sourcecode.swift; path = ScriptCalculatorWindow.swift; sourceTree = "<group>"; };
		79FAF657220B42F000A52D93 /* ScriptCalculatorVC.swift */ = {isa = PBXFileReference; fileEncoding = 4; lastKnownFileType = sourcecode.swift; path = ScriptCalculatorVC.swift; sourceTree = "<group>"; };
		79FAF658220B42F000A52D93 /* ScriptDataModel.swift */ = {isa = PBXFileReference; fileEncoding = 4; lastKnownFileType = sourcecode.swift; path = ScriptDataModel.swift; sourceTree = "<group>"; };
		79FAF65E220B45DD00A52D93 /* Base */ = {isa = PBXFileReference; lastKnownFileType = file.storyboard; name = Base; path = Hydra/Base.lproj/ScriptCalculator.storyboard; sourceTree = "<group>"; };
/* End PBXFileReference section */

/* Begin PBXFrameworksBuildPhase section */
		79FAF5D4220B2C3800A52D93 /* Frameworks */ = {
			isa = PBXFrameworksBuildPhase;
			buildActionMask = 2147483647;
			files = (
			);
			runOnlyForDeploymentPostprocessing = 0;
		};
		79FAF5E6220B2C3A00A52D93 /* Frameworks */ = {
			isa = PBXFrameworksBuildPhase;
			buildActionMask = 2147483647;
			files = (
			);
			runOnlyForDeploymentPostprocessing = 0;
		};
		79FAF5F1220B2C3A00A52D93 /* Frameworks */ = {
			isa = PBXFrameworksBuildPhase;
			buildActionMask = 2147483647;
			files = (
			);
			runOnlyForDeploymentPostprocessing = 0;
		};
/* End PBXFrameworksBuildPhase section */

/* Begin PBXGroup section */
		79FAF5CE220B2C3800A52D93 = {
			isa = PBXGroup;
			children = (
				79FAF5D9220B2C3800A52D93 /* Hydra */,
				79FAF5EC220B2C3A00A52D93 /* HydraTests */,
				79FAF5F7220B2C3A00A52D93 /* HydraUITests */,
				79FAF5D8220B2C3800A52D93 /* Products */,
			);
			sourceTree = "<group>";
		};
		79FAF5D8220B2C3800A52D93 /* Products */ = {
			isa = PBXGroup;
			children = (
				79FAF5D7220B2C3800A52D93 /* Hydra.app */,
				79FAF5E9220B2C3A00A52D93 /* HydraTests.xctest */,
				79FAF5F4220B2C3A00A52D93 /* HydraUITests.xctest */,
			);
			name = Products;
			sourceTree = "<group>";
		};
		79FAF5D9220B2C3800A52D93 /* Hydra */ = {
			isa = PBXGroup;
			children = (
				79FAF5DA220B2C3800A52D93 /* AppDelegate.swift */,
				79FAF5E0220B2C3A00A52D93 /* Main.storyboard */,
				7934197E2215F8AD00194019 /* MainWindowController.swift */,
				79FAF5DC220B2C3800A52D93 /* HydraVC.swift */,
				79FAF616220B2DDE00A52D93 /* Phone Messages */,
				79FAF620220B340300A52D93 /* eScript */,
				79FAF625220B36A900A52D93 /* Lab */,
				79FAF63B220B3B3C00A52D93 /* PTVN Scraper */,
				79FAF653220B3FB400A52D93 /* PTVN Builder */,
				79FAF65C220B42F700A52D93 /* Script Calculator */,
				79FAF5DE220B2C3A00A52D93 /* Assets.xcassets */,
				79FAF5E3220B2C3A00A52D93 /* Info.plist */,
				79FAF5E4220B2C3A00A52D93 /* Hydra.entitlements */,
				79FAF607220B2DB700A52D93 /* Buttons.swift */,
				79FAF608220B2DB700A52D93 /* GeneralExtensions.swift */,
				79FAF606220B2DB700A52D93 /* StringExtensions.swift */,
				79FAF641220B3F8200A52D93 /* URLExtensions.swift */,
				79FAF643220B3F8A00A52D93 /* ViewExtensions.swift */,
				79FAF623220B354500A52D93 /* CommonFunctions.swift */,
				79B0AC50220C86D20082FA0C /* Credits.rtf */,
			);
			path = Hydra;
			sourceTree = "<group>";
		};
		79FAF5EC220B2C3A00A52D93 /* HydraTests */ = {
			isa = PBXGroup;
			children = (
				79FAF5ED220B2C3A00A52D93 /* HydraTests.swift */,
				79FAF5EF220B2C3A00A52D93 /* Info.plist */,
			);
			path = HydraTests;
			sourceTree = "<group>";
		};
		79FAF5F7220B2C3A00A52D93 /* HydraUITests */ = {
			isa = PBXGroup;
			children = (
				79FAF5F8220B2C3A00A52D93 /* HydraUITests.swift */,
				79FAF5FA220B2C3A00A52D93 /* Info.plist */,
			);
			path = HydraUITests;
			sourceTree = "<group>";
		};
		79FAF616220B2DDE00A52D93 /* Phone Messages */ = {
			isa = PBXGroup;
			children = (
				79FAF617220B2EC800A52D93 /* PhoneMessage.storyboard */,
				79FAF610220B2DCF00A52D93 /* PhoneMessageVC.swift */,
				79FAF60D220B2DCF00A52D93 /* PM Constants.swift */,
				79FAF60C220B2DCF00A52D93 /* PMCurrentMedsController.swift */,
				79FAF60E220B2DCF00A52D93 /* Phone Message Model.swift */,
				79FAF60F220B2DCF00A52D93 /* PMSymptomsController.swift */,
			);
			path = "Phone Messages";
			sourceTree = "<group>";
		};
		79FAF620220B340300A52D93 /* eScript */ = {
			isa = PBXGroup;
			children = (
				79FAF621220B345000A52D93 /* eScript.storyboard */,
				79FAF61C220B33FB00A52D93 /* eScriptVC.swift */,
				79FAF61A220B33FB00A52D93 /* eSConstants.swift */,
				79FAF61B220B33FB00A52D93 /* eSFunctions.swift */,
			);
			path = eScript;
			sourceTree = "<group>";
		};
		79FAF625220B36A900A52D93 /* Lab */ = {
			isa = PBXGroup;
			children = (
				79FAF62C220B377900A52D93 /* Labs.storyboard */,
				79FAF626220B36A900A52D93 /* LabsModel.swift */,
				79FAF627220B36A900A52D93 /* LabSetUpPrintViewController.swift */,
				79FAF628220B36A900A52D93 /* LabsViewController.swift */,
			);
			path = Lab;
			sourceTree = "<group>";
		};
		79FAF63B220B3B3C00A52D93 /* PTVN Scraper */ = {
			isa = PBXGroup;
			children = (
				79FAF63E220B3EC800A52D93 /* PTVNScraper.storyboard */,
				79FAF630220B3B3500A52D93 /* criteriaViewController.swift */,
				79FAF633220B3B3500A52D93 /* DataProcessingModel.swift */,
				79FAF632220B3B3500A52D93 /* resultsViewController.swift */,
				79FAF62F220B3B3500A52D93 /* TaskPickerModel.swift */,
				79FAF631220B3B3500A52D93 /* TaskPickerViewController.swift */,
				79FAF634220B3B3500A52D93 /* VisitData.swift */,
			);
			path = "PTVN Scraper";
			sourceTree = "<group>";
		};
		79FAF653220B3FB400A52D93 /* PTVN Builder */ = {
			isa = PBXGroup;
			children = (
				79FAF654220B420300A52D93 /* Builder.storyboard */,
				79FAF649220B3FAB00A52D93 /* BuilderInterfaceVC.swift */,
				79FAF645220B3FAA00A52D93 /* NoteMedsVC.swift */,
				79FAF64A220B3FAB00A52D93 /* ChartData.swift */,
				79FAF647220B3FAA00A52D93 /* AssessmentModel.swift */,
				79FAF646220B3FAA00A52D93 /* BuilderConstants.swift */,
				79FAF64B220B3FAB00A52D93 /* Ellipsis.jpg */,
				79FAF648220B3FAA00A52D93 /* PF Summary.png */,
			);
			path = "PTVN Builder";
			sourceTree = "<group>";
		};
		79FAF65C220B42F700A52D93 /* Script Calculator */ = {
			isa = PBXGroup;
			children = (
				79FAF65D220B45DD00A52D93 /* ScriptCalculator.storyboard */,
				79FAF657220B42F000A52D93 /* ScriptCalculatorVC.swift */,
				79FAF656220B42F000A52D93 /* ScriptCalculatorWindow.swift */,
				79FAF658220B42F000A52D93 /* ScriptDataModel.swift */,
			);
			path = "Script Calculator";
			sourceTree = "<group>";
		};
/* End PBXGroup section */

/* Begin PBXNativeTarget section */
		79FAF5D6220B2C3800A52D93 /* Hydra */ = {
			isa = PBXNativeTarget;
			buildConfigurationList = 79FAF5FD220B2C3A00A52D93 /* Build configuration list for PBXNativeTarget "Hydra" */;
			buildPhases = (
				79FAF5D3220B2C3800A52D93 /* Sources */,
				79FAF5D4220B2C3800A52D93 /* Frameworks */,
				79FAF5D5220B2C3800A52D93 /* Resources */,
			);
			buildRules = (
			);
			dependencies = (
			);
			name = Hydra;
			productName = Hydra;
			productReference = 79FAF5D7220B2C3800A52D93 /* Hydra.app */;
			productType = "com.apple.product-type.application";
		};
		79FAF5E8220B2C3A00A52D93 /* HydraTests */ = {
			isa = PBXNativeTarget;
			buildConfigurationList = 79FAF600220B2C3A00A52D93 /* Build configuration list for PBXNativeTarget "HydraTests" */;
			buildPhases = (
				79FAF5E5220B2C3A00A52D93 /* Sources */,
				79FAF5E6220B2C3A00A52D93 /* Frameworks */,
				79FAF5E7220B2C3A00A52D93 /* Resources */,
			);
			buildRules = (
			);
			dependencies = (
				79FAF5EB220B2C3A00A52D93 /* PBXTargetDependency */,
			);
			name = HydraTests;
			productName = HydraTests;
			productReference = 79FAF5E9220B2C3A00A52D93 /* HydraTests.xctest */;
			productType = "com.apple.product-type.bundle.unit-test";
		};
		79FAF5F3220B2C3A00A52D93 /* HydraUITests */ = {
			isa = PBXNativeTarget;
			buildConfigurationList = 79FAF603220B2C3A00A52D93 /* Build configuration list for PBXNativeTarget "HydraUITests" */;
			buildPhases = (
				79FAF5F0220B2C3A00A52D93 /* Sources */,
				79FAF5F1220B2C3A00A52D93 /* Frameworks */,
				79FAF5F2220B2C3A00A52D93 /* Resources */,
			);
			buildRules = (
			);
			dependencies = (
				79FAF5F6220B2C3A00A52D93 /* PBXTargetDependency */,
			);
			name = HydraUITests;
			productName = HydraUITests;
			productReference = 79FAF5F4220B2C3A00A52D93 /* HydraUITests.xctest */;
			productType = "com.apple.product-type.bundle.ui-testing";
		};
/* End PBXNativeTarget section */

/* Begin PBXProject section */
		79FAF5CF220B2C3800A52D93 /* Project object */ = {
			isa = PBXProject;
			attributes = {
				LastSwiftUpdateCheck = 1020;
				LastUpgradeCheck = 1020;
				ORGANIZATIONNAME = Fool;
				TargetAttributes = {
					79FAF5D6220B2C3800A52D93 = {
						CreatedOnToolsVersion = 10.2;
						SystemCapabilities = {
							com.apple.Sandbox = {
								enabled = 0;
							};
						};
					};
					79FAF5E8220B2C3A00A52D93 = {
						CreatedOnToolsVersion = 10.2;
						TestTargetID = 79FAF5D6220B2C3800A52D93;
					};
					79FAF5F3220B2C3A00A52D93 = {
						CreatedOnToolsVersion = 10.2;
						TestTargetID = 79FAF5D6220B2C3800A52D93;
					};
				};
			};
			buildConfigurationList = 79FAF5D2220B2C3800A52D93 /* Build configuration list for PBXProject "Hydra" */;
			compatibilityVersion = "Xcode 9.3";
			developmentRegion = en;
			hasScannedForEncodings = 0;
			knownRegions = (
				en,
				Base,
			);
			mainGroup = 79FAF5CE220B2C3800A52D93;
			productRefGroup = 79FAF5D8220B2C3800A52D93 /* Products */;
			projectDirPath = "";
			projectRoot = "";
			targets = (
				79FAF5D6220B2C3800A52D93 /* Hydra */,
				79FAF5E8220B2C3A00A52D93 /* HydraTests */,
				79FAF5F3220B2C3A00A52D93 /* HydraUITests */,
			);
		};
/* End PBXProject section */

/* Begin PBXResourcesBuildPhase section */
		79FAF5D5220B2C3800A52D93 /* Resources */ = {
			isa = PBXResourcesBuildPhase;
			buildActionMask = 2147483647;
			files = (
				79FAF652220B3FAB00A52D93 /* Ellipsis.jpg in Resources */,
				79FAF5DF220B2C3A00A52D93 /* Assets.xcassets in Resources */,
				79FAF62E220B377900A52D93 /* Labs.storyboard in Resources */,
				79FAF619220B2EC800A52D93 /* PhoneMessage.storyboard in Resources */,
				79FAF64F220B3FAB00A52D93 /* PF Summary.png in Resources */,
				79FAF640220B3EC800A52D93 /* PTVNScraper.storyboard in Resources */,
				79FAF655220B420300A52D93 /* Builder.storyboard in Resources */,
				79FAF65F220B45DD00A52D93 /* ScriptCalculator.storyboard in Resources */,
				79B0AC51220C86D20082FA0C /* Credits.rtf in Resources */,
				79FAF5E2220B2C3A00A52D93 /* Main.storyboard in Resources */,
				79FAF622220B345000A52D93 /* eScript.storyboard in Resources */,
			);
			runOnlyForDeploymentPostprocessing = 0;
		};
		79FAF5E7220B2C3A00A52D93 /* Resources */ = {
			isa = PBXResourcesBuildPhase;
			buildActionMask = 2147483647;
			files = (
			);
			runOnlyForDeploymentPostprocessing = 0;
		};
		79FAF5F2220B2C3A00A52D93 /* Resources */ = {
			isa = PBXResourcesBuildPhase;
			buildActionMask = 2147483647;
			files = (
			);
			runOnlyForDeploymentPostprocessing = 0;
		};
/* End PBXResourcesBuildPhase section */

/* Begin PBXSourcesBuildPhase section */
		79FAF5D3220B2C3800A52D93 /* Sources */ = {
			isa = PBXSourcesBuildPhase;
			buildActionMask = 2147483647;
			files = (
				79FAF659220B42F000A52D93 /* ScriptCalculatorWindow.swift in Sources */,
				79FAF60B220B2DB700A52D93 /* GeneralExtensions.swift in Sources */,
				79FAF642220B3F8300A52D93 /* URLExtensions.swift in Sources */,
				79FAF61D220B33FB00A52D93 /* eSConstants.swift in Sources */,
				79FAF63A220B3B3500A52D93 /* VisitData.swift in Sources */,
				79FAF624220B354500A52D93 /* CommonFunctions.swift in Sources */,
				79FAF62B220B36A900A52D93 /* LabsViewController.swift in Sources */,
				79FAF615220B2DCF00A52D93 /* PhoneMessageVC.swift in Sources */,
				79FAF64E220B3FAB00A52D93 /* AssessmentModel.swift in Sources */,
				79FAF609220B2DB700A52D93 /* StringExtensions.swift in Sources */,
				79FAF614220B2DCF00A52D93 /* PMSymptomsController.swift in Sources */,
				79FAF65A220B42F000A52D93 /* ScriptCalculatorVC.swift in Sources */,
				79FAF611220B2DCF00A52D93 /* PMCurrentMedsController.swift in Sources */,
				79FAF613220B2DCF00A52D93 /* Phone Message Model.swift in Sources */,
				79FAF637220B3B3500A52D93 /* TaskPickerViewController.swift in Sources */,
				79FAF62A220B36A900A52D93 /* LabSetUpPrintViewController.swift in Sources */,
				79FAF65B220B42F000A52D93 /* ScriptDataModel.swift in Sources */,
				79FAF635220B3B3500A52D93 /* TaskPickerModel.swift in Sources */,
				79FAF636220B3B3500A52D93 /* criteriaViewController.swift in Sources */,
				79FAF651220B3FAB00A52D93 /* ChartData.swift in Sources */,
				79FAF629220B36A900A52D93 /* LabsModel.swift in Sources */,
				79FAF5DD220B2C3800A52D93 /* HydraVC.swift in Sources */,
				79FAF64C220B3FAB00A52D93 /* NoteMedsVC.swift in Sources */,
				79FAF61F220B33FB00A52D93 /* eScriptVC.swift in Sources */,
				79FAF644220B3F8A00A52D93 /* ViewExtensions.swift in Sources */,
				79FAF639220B3B3500A52D93 /* DataProcessingModel.swift in Sources */,
				7934197F2215F8AD00194019 /* MainWindowController.swift in Sources */,
				79FAF612220B2DCF00A52D93 /* PM Constants.swift in Sources */,
				79FAF638220B3B3500A52D93 /* resultsViewController.swift in Sources */,
				79FAF650220B3FAB00A52D93 /* BuilderInterfaceVC.swift in Sources */,
				79FAF5DB220B2C3800A52D93 /* AppDelegate.swift in Sources */,
				79FAF60A220B2DB700A52D93 /* Buttons.swift in Sources */,
				79FAF61E220B33FB00A52D93 /* eSFunctions.swift in Sources */,
				79FAF64D220B3FAB00A52D93 /* BuilderConstants.swift in Sources */,
			);
			runOnlyForDeploymentPostprocessing = 0;
		};
		79FAF5E5220B2C3A00A52D93 /* Sources */ = {
			isa = PBXSourcesBuildPhase;
			buildActionMask = 2147483647;
			files = (
				79FAF5EE220B2C3A00A52D93 /* HydraTests.swift in Sources */,
			);
			runOnlyForDeploymentPostprocessing = 0;
		};
		79FAF5F0220B2C3A00A52D93 /* Sources */ = {
			isa = PBXSourcesBuildPhase;
			buildActionMask = 2147483647;
			files = (
				79FAF5F9220B2C3A00A52D93 /* HydraUITests.swift in Sources */,
			);
			runOnlyForDeploymentPostprocessing = 0;
		};
/* End PBXSourcesBuildPhase section */

/* Begin PBXTargetDependency section */
		79FAF5EB220B2C3A00A52D93 /* PBXTargetDependency */ = {
			isa = PBXTargetDependency;
			target = 79FAF5D6220B2C3800A52D93 /* Hydra */;
			targetProxy = 79FAF5EA220B2C3A00A52D93 /* PBXContainerItemProxy */;
		};
		79FAF5F6220B2C3A00A52D93 /* PBXTargetDependency */ = {
			isa = PBXTargetDependency;
			target = 79FAF5D6220B2C3800A52D93 /* Hydra */;
			targetProxy = 79FAF5F5220B2C3A00A52D93 /* PBXContainerItemProxy */;
		};
/* End PBXTargetDependency section */

/* Begin PBXVariantGroup section */
		79FAF5E0220B2C3A00A52D93 /* Main.storyboard */ = {
			isa = PBXVariantGroup;
			children = (
				79FAF5E1220B2C3A00A52D93 /* Base */,
			);
			name = Main.storyboard;
			sourceTree = "<group>";
		};
		79FAF617220B2EC800A52D93 /* PhoneMessage.storyboard */ = {
			isa = PBXVariantGroup;
			children = (
				79FAF618220B2EC800A52D93 /* Base */,
			);
			name = PhoneMessage.storyboard;
			sourceTree = "<group>";
		};
		79FAF62C220B377900A52D93 /* Labs.storyboard */ = {
			isa = PBXVariantGroup;
			children = (
				79FAF62D220B377900A52D93 /* Base */,
			);
			name = Labs.storyboard;
			sourceTree = "<group>";
		};
		79FAF63E220B3EC800A52D93 /* PTVNScraper.storyboard */ = {
			isa = PBXVariantGroup;
			children = (
				79FAF63F220B3EC800A52D93 /* Base */,
			);
			name = PTVNScraper.storyboard;
			sourceTree = "<group>";
		};
		79FAF65D220B45DD00A52D93 /* ScriptCalculator.storyboard */ = {
			isa = PBXVariantGroup;
			children = (
				79FAF65E220B45DD00A52D93 /* Base */,
			);
			name = ScriptCalculator.storyboard;
			sourceTree = "<group>";
		};
/* End PBXVariantGroup section */

/* Begin XCBuildConfiguration section */
		79FAF5FB220B2C3A00A52D93 /* Debug */ = {
			isa = XCBuildConfiguration;
			buildSettings = {
				ALWAYS_SEARCH_USER_PATHS = NO;
				CLANG_ANALYZER_NONNULL = YES;
				CLANG_ANALYZER_NUMBER_OBJECT_CONVERSION = YES_AGGRESSIVE;
				CLANG_CXX_LANGUAGE_STANDARD = "gnu++14";
				CLANG_CXX_LIBRARY = "libc++";
				CLANG_ENABLE_MODULES = YES;
				CLANG_ENABLE_OBJC_ARC = YES;
				CLANG_ENABLE_OBJC_WEAK = YES;
				CLANG_WARN_BLOCK_CAPTURE_AUTORELEASING = YES;
				CLANG_WARN_BOOL_CONVERSION = YES;
				CLANG_WARN_COMMA = YES;
				CLANG_WARN_CONSTANT_CONVERSION = YES;
				CLANG_WARN_DEPRECATED_OBJC_IMPLEMENTATIONS = YES;
				CLANG_WARN_DIRECT_OBJC_ISA_USAGE = YES_ERROR;
				CLANG_WARN_DOCUMENTATION_COMMENTS = YES;
				CLANG_WARN_EMPTY_BODY = YES;
				CLANG_WARN_ENUM_CONVERSION = YES;
				CLANG_WARN_INFINITE_RECURSION = YES;
				CLANG_WARN_INT_CONVERSION = YES;
				CLANG_WARN_NON_LITERAL_NULL_CONVERSION = YES;
				CLANG_WARN_OBJC_IMPLICIT_RETAIN_SELF = YES;
				CLANG_WARN_OBJC_LITERAL_CONVERSION = YES;
				CLANG_WARN_OBJC_ROOT_CLASS = YES_ERROR;
				CLANG_WARN_RANGE_LOOP_ANALYSIS = YES;
				CLANG_WARN_STRICT_PROTOTYPES = YES;
				CLANG_WARN_SUSPICIOUS_MOVE = YES;
				CLANG_WARN_UNGUARDED_AVAILABILITY = YES_AGGRESSIVE;
				CLANG_WARN_UNREACHABLE_CODE = YES;
				CLANG_WARN__DUPLICATE_METHOD_MATCH = YES;
				CODE_SIGN_IDENTITY = "Mac Developer";
				COPY_PHASE_STRIP = NO;
				DEBUG_INFORMATION_FORMAT = dwarf;
				ENABLE_STRICT_OBJC_MSGSEND = YES;
				ENABLE_TESTABILITY = YES;
				GCC_C_LANGUAGE_STANDARD = gnu11;
				GCC_DYNAMIC_NO_PIC = NO;
				GCC_NO_COMMON_BLOCKS = YES;
				GCC_OPTIMIZATION_LEVEL = 0;
				GCC_PREPROCESSOR_DEFINITIONS = (
					"DEBUG=1",
					"$(inherited)",
				);
				GCC_WARN_64_TO_32_BIT_CONVERSION = YES;
				GCC_WARN_ABOUT_RETURN_TYPE = YES_ERROR;
				GCC_WARN_UNDECLARED_SELECTOR = YES;
				GCC_WARN_UNINITIALIZED_AUTOS = YES_AGGRESSIVE;
				GCC_WARN_UNUSED_FUNCTION = YES;
				GCC_WARN_UNUSED_VARIABLE = YES;
				MACOSX_DEPLOYMENT_TARGET = 10.11;
				MTL_ENABLE_DEBUG_INFO = INCLUDE_SOURCE;
				MTL_FAST_MATH = YES;
				ONLY_ACTIVE_ARCH = YES;
				SDKROOT = macosx;
				SWIFT_ACTIVE_COMPILATION_CONDITIONS = DEBUG;
				SWIFT_OPTIMIZATION_LEVEL = "-Onone";
			};
			name = Debug;
		};
		79FAF5FC220B2C3A00A52D93 /* Release */ = {
			isa = XCBuildConfiguration;
			buildSettings = {
				ALWAYS_SEARCH_USER_PATHS = NO;
				CLANG_ANALYZER_NONNULL = YES;
				CLANG_ANALYZER_NUMBER_OBJECT_CONVERSION = YES_AGGRESSIVE;
				CLANG_CXX_LANGUAGE_STANDARD = "gnu++14";
				CLANG_CXX_LIBRARY = "libc++";
				CLANG_ENABLE_MODULES = YES;
				CLANG_ENABLE_OBJC_ARC = YES;
				CLANG_ENABLE_OBJC_WEAK = YES;
				CLANG_WARN_BLOCK_CAPTURE_AUTORELEASING = YES;
				CLANG_WARN_BOOL_CONVERSION = YES;
				CLANG_WARN_COMMA = YES;
				CLANG_WARN_CONSTANT_CONVERSION = YES;
				CLANG_WARN_DEPRECATED_OBJC_IMPLEMENTATIONS = YES;
				CLANG_WARN_DIRECT_OBJC_ISA_USAGE = YES_ERROR;
				CLANG_WARN_DOCUMENTATION_COMMENTS = YES;
				CLANG_WARN_EMPTY_BODY = YES;
				CLANG_WARN_ENUM_CONVERSION = YES;
				CLANG_WARN_INFINITE_RECURSION = YES;
				CLANG_WARN_INT_CONVERSION = YES;
				CLANG_WARN_NON_LITERAL_NULL_CONVERSION = YES;
				CLANG_WARN_OBJC_IMPLICIT_RETAIN_SELF = YES;
				CLANG_WARN_OBJC_LITERAL_CONVERSION = YES;
				CLANG_WARN_OBJC_ROOT_CLASS = YES_ERROR;
				CLANG_WARN_RANGE_LOOP_ANALYSIS = YES;
				CLANG_WARN_STRICT_PROTOTYPES = YES;
				CLANG_WARN_SUSPICIOUS_MOVE = YES;
				CLANG_WARN_UNGUARDED_AVAILABILITY = YES_AGGRESSIVE;
				CLANG_WARN_UNREACHABLE_CODE = YES;
				CLANG_WARN__DUPLICATE_METHOD_MATCH = YES;
				CODE_SIGN_IDENTITY = "Mac Developer";
				COPY_PHASE_STRIP = NO;
				DEBUG_INFORMATION_FORMAT = "dwarf-with-dsym";
				ENABLE_NS_ASSERTIONS = NO;
				ENABLE_STRICT_OBJC_MSGSEND = YES;
				GCC_C_LANGUAGE_STANDARD = gnu11;
				GCC_NO_COMMON_BLOCKS = YES;
				GCC_WARN_64_TO_32_BIT_CONVERSION = YES;
				GCC_WARN_ABOUT_RETURN_TYPE = YES_ERROR;
				GCC_WARN_UNDECLARED_SELECTOR = YES;
				GCC_WARN_UNINITIALIZED_AUTOS = YES_AGGRESSIVE;
				GCC_WARN_UNUSED_FUNCTION = YES;
				GCC_WARN_UNUSED_VARIABLE = YES;
				MACOSX_DEPLOYMENT_TARGET = 10.11;
				MTL_ENABLE_DEBUG_INFO = NO;
				MTL_FAST_MATH = YES;
				SDKROOT = macosx;
				SWIFT_COMPILATION_MODE = wholemodule;
				SWIFT_OPTIMIZATION_LEVEL = "-O";
			};
			name = Release;
		};
		79FAF5FE220B2C3A00A52D93 /* Debug */ = {
			isa = XCBuildConfiguration;
			buildSettings = {
				ASSETCATALOG_COMPILER_APPICON_NAME = AppIcon;
				CODE_SIGN_STYLE = Automatic;
				COMBINE_HIDPI_IMAGES = YES;
				DEVELOPMENT_TEAM = VY6BVT84SC;
				INFOPLIST_FILE = Hydra/Info.plist;
				LD_RUNPATH_SEARCH_PATHS = (
					"$(inherited)",
					"@executable_path/../Frameworks",
				);
				MACOSX_DEPLOYMENT_TARGET = 10.11;
				PRODUCT_BUNDLE_IDENTIFIER = com.fulgentwake.Hydra;
				PRODUCT_NAME = "$(TARGET_NAME)";
				SWIFT_VERSION = 5.0;
			};
			name = Debug;
		};
		79FAF5FF220B2C3A00A52D93 /* Release */ = {
			isa = XCBuildConfiguration;
			buildSettings = {
				ASSETCATALOG_COMPILER_APPICON_NAME = AppIcon;
				CODE_SIGN_STYLE = Automatic;
				COMBINE_HIDPI_IMAGES = YES;
				DEVELOPMENT_TEAM = VY6BVT84SC;
				INFOPLIST_FILE = Hydra/Info.plist;
				LD_RUNPATH_SEARCH_PATHS = (
					"$(inherited)",
					"@executable_path/../Frameworks",
				);
				MACOSX_DEPLOYMENT_TARGET = 10.11;
				PRODUCT_BUNDLE_IDENTIFIER = com.fulgentwake.Hydra;
				PRODUCT_NAME = "$(TARGET_NAME)";
				SWIFT_VERSION = 5.0;
			};
			name = Release;
		};
		79FAF601220B2C3A00A52D93 /* Debug */ = {
			isa = XCBuildConfiguration;
			buildSettings = {
				ALWAYS_EMBED_SWIFT_STANDARD_LIBRARIES = YES;
				BUNDLE_LOADER = "$(TEST_HOST)";
				CODE_SIGN_STYLE = Automatic;
				COMBINE_HIDPI_IMAGES = YES;
				DEVELOPMENT_TEAM = VY6BVT84SC;
				INFOPLIST_FILE = HydraTests/Info.plist;
				LD_RUNPATH_SEARCH_PATHS = (
					"$(inherited)",
					"@executable_path/../Frameworks",
					"@loader_path/../Frameworks",
				);
				PRODUCT_BUNDLE_IDENTIFIER = com.fulgentwake.HydraTests;
				PRODUCT_NAME = "$(TARGET_NAME)";
				SWIFT_VERSION = 5.0;
				TEST_HOST = "$(BUILT_PRODUCTS_DIR)/Hydra.app/Contents/MacOS/Hydra";
			};
			name = Debug;
		};
		79FAF602220B2C3A00A52D93 /* Release */ = {
			isa = XCBuildConfiguration;
			buildSettings = {
				ALWAYS_EMBED_SWIFT_STANDARD_LIBRARIES = YES;
				BUNDLE_LOADER = "$(TEST_HOST)";
				CODE_SIGN_STYLE = Automatic;
				COMBINE_HIDPI_IMAGES = YES;
				DEVELOPMENT_TEAM = VY6BVT84SC;
				INFOPLIST_FILE = HydraTests/Info.plist;
				LD_RUNPATH_SEARCH_PATHS = (
					"$(inherited)",
					"@executable_path/../Frameworks",
					"@loader_path/../Frameworks",
				);
				PRODUCT_BUNDLE_IDENTIFIER = com.fulgentwake.HydraTests;
				PRODUCT_NAME = "$(TARGET_NAME)";
				SWIFT_VERSION = 5.0;
				TEST_HOST = "$(BUILT_PRODUCTS_DIR)/Hydra.app/Contents/MacOS/Hydra";
			};
			name = Release;
		};
		79FAF604220B2C3A00A52D93 /* Debug */ = {
			isa = XCBuildConfiguration;
			buildSettings = {
				ALWAYS_EMBED_SWIFT_STANDARD_LIBRARIES = YES;
				CODE_SIGN_STYLE = Automatic;
				COMBINE_HIDPI_IMAGES = YES;
				DEVELOPMENT_TEAM = VY6BVT84SC;
				INFOPLIST_FILE = HydraUITests/Info.plist;
				LD_RUNPATH_SEARCH_PATHS = (
					"$(inherited)",
					"@executable_path/../Frameworks",
					"@loader_path/../Frameworks",
				);
				PRODUCT_BUNDLE_IDENTIFIER = com.fulgentwake.HydraUITests;
				PRODUCT_NAME = "$(TARGET_NAME)";
				SWIFT_VERSION = 5.0;
				TEST_TARGET_NAME = Hydra;
			};
			name = Debug;
		};
		79FAF605220B2C3A00A52D93 /* Release */ = {
			isa = XCBuildConfiguration;
			buildSettings = {
				ALWAYS_EMBED_SWIFT_STANDARD_LIBRARIES = YES;
				CODE_SIGN_STYLE = Automatic;
				COMBINE_HIDPI_IMAGES = YES;
				DEVELOPMENT_TEAM = VY6BVT84SC;
				INFOPLIST_FILE = HydraUITests/Info.plist;
				LD_RUNPATH_SEARCH_PATHS = (
					"$(inherited)",
					"@executable_path/../Frameworks",
					"@loader_path/../Frameworks",
				);
				PRODUCT_BUNDLE_IDENTIFIER = com.fulgentwake.HydraUITests;
				PRODUCT_NAME = "$(TARGET_NAME)";
				SWIFT_VERSION = 5.0;
				TEST_TARGET_NAME = Hydra;
			};
			name = Release;
		};
/* End XCBuildConfiguration section */

/* Begin XCConfigurationList section */
		79FAF5D2220B2C3800A52D93 /* Build configuration list for PBXProject "Hydra" */ = {
			isa = XCConfigurationList;
			buildConfigurations = (
				79FAF5FB220B2C3A00A52D93 /* Debug */,
				79FAF5FC220B2C3A00A52D93 /* Release */,
			);
			defaultConfigurationIsVisible = 0;
			defaultConfigurationName = Release;
		};
		79FAF5FD220B2C3A00A52D93 /* Build configuration list for PBXNativeTarget "Hydra" */ = {
			isa = XCConfigurationList;
			buildConfigurations = (
				79FAF5FE220B2C3A00A52D93 /* Debug */,
				79FAF5FF220B2C3A00A52D93 /* Release */,
			);
			defaultConfigurationIsVisible = 0;
			defaultConfigurationName = Release;
		};
		79FAF600220B2C3A00A52D93 /* Build configuration list for PBXNativeTarget "HydraTests" */ = {
			isa = XCConfigurationList;
			buildConfigurations = (
				79FAF601220B2C3A00A52D93 /* Debug */,
				79FAF602220B2C3A00A52D93 /* Release */,
			);
			defaultConfigurationIsVisible = 0;
			defaultConfigurationName = Release;
		};
		79FAF603220B2C3A00A52D93 /* Build configuration list for PBXNativeTarget "HydraUITests" */ = {
			isa = XCConfigurationList;
			buildConfigurations = (
				79FAF604220B2C3A00A52D93 /* Debug */,
				79FAF605220B2C3A00A52D93 /* Release */,
			);
			defaultConfigurationIsVisible = 0;
			defaultConfigurationName = Release;
		};
/* End XCConfigurationList section */
	};
	rootObject = 79FAF5CF220B2C3800A52D93 /* Project object */;
}
